
Microsoft Visual Studio Solution File, Format Version 12.00
# Visual Studio Version 16
VisualStudioVersion = 16.0.31729.503
MinimumVisualStudioVersion = 10.0.40219.1
Project("{FAE04EC0-301F-11D3-BF4B-00C04F79EFBC}") = "02-Metodos", "02-Metodos.csproj", "{50F440E0-4D8C-40BC-B8FC-55FB206A4F4C}"
EndProject
Global
	GlobalSection(SolutionConfigurationPlatforms) = preSolution
		Debug|Any CPU = Debug|Any CPU
		Release|Any CPU = Release|Any CPU
	EndGlobalSection
	GlobalSection(ProjectConfigurationPlatforms) = postSolution
		{50F440E0-4D8C-40BC-B8FC-55FB206A4F4C}.Debug|Any CPU.ActiveCfg = Debug|Any CPU
		{50F440E0-4D8C-40BC-B8FC-55FB206A4F4C}.Debug|Any CPU.Build.0 = Debug|Any CPU
		{50F440E0-4D8C-40BC-B8FC-55FB206A4F4C}.Release|Any CPU.ActiveCfg = Release|Any CPU
		{50F440E0-4D8C-40BC-B8FC-55FB206A4F4C}.Release|Any CPU.Build.0 = Release|Any CPU
	EndGlobalSection
	GlobalSection(SolutionProperties) = preSolution
		HideSolutionNode = FALSE
	EndGlobalSection
	GlobalSection(ExtensibilityGlobals) = postSolution
		SolutionGuid = {6E0618EF-F8D5-485A-A8AF-063B559951EE}
	EndGlobalSection
EndGlobal
