
Microsoft Visual Studio Solution File, Format Version 12.00
# Visual Studio Version 16
VisualStudioVersion = 16.0.31729.503
MinimumVisualStudioVersion = 10.0.40219.1
Project("{FAE04EC0-301F-11D3-BF4B-00C04F79EFBC}") = "13-Abstracao", "13-Abstracao.csproj", "{19CAEAD7-5BFB-4AE6-B3C7-CB493A77F2C3}"
EndProject
Global
	GlobalSection(SolutionConfigurationPlatforms) = preSolution
		Debug|Any CPU = Debug|Any CPU
		Release|Any CPU = Release|Any CPU
	EndGlobalSection
	GlobalSection(ProjectConfigurationPlatforms) = postSolution
		{19CAEAD7-5BFB-4AE6-B3C7-CB493A77F2C3}.Debug|Any CPU.ActiveCfg = Debug|Any CPU
		{19CAEAD7-5BFB-4AE6-B3C7-CB493A77F2C3}.Debug|Any CPU.Build.0 = Debug|Any CPU
		{19CAEAD7-5BFB-4AE6-B3C7-CB493A77F2C3}.Release|Any CPU.ActiveCfg = Release|Any CPU
		{19CAEAD7-5BFB-4AE6-B3C7-CB493A77F2C3}.Release|Any CPU.Build.0 = Release|Any CPU
	EndGlobalSection
	GlobalSection(SolutionProperties) = preSolution
		HideSolutionNode = FALSE
	EndGlobalSection
	GlobalSection(ExtensibilityGlobals) = postSolution
		SolutionGuid = {E87314D3-3714-4FD4-B0AB-0D0E24066F26}
	EndGlobalSection
EndGlobal
