
Microsoft Visual Studio Solution File, Format Version 12.00
# Visual Studio Version 16
VisualStudioVersion = 16.0.31729.503
MinimumVisualStudioVersion = 10.0.40219.1
Project("{FAE04EC0-301F-11D3-BF4B-00C04F79EFBC}") = "04-ExercicioIMC", "04-ExercicioIMC.csproj", "{56037DDE-C874-494A-8DE8-120BD1E3445B}"
EndProject
Global
	GlobalSection(SolutionConfigurationPlatforms) = preSolution
		Debug|Any CPU = Debug|Any CPU
		Release|Any CPU = Release|Any CPU
	EndGlobalSection
	GlobalSection(ProjectConfigurationPlatforms) = postSolution
		{56037DDE-C874-494A-8DE8-120BD1E3445B}.Debug|Any CPU.ActiveCfg = Debug|Any CPU
		{56037DDE-C874-494A-8DE8-120BD1E3445B}.Debug|Any CPU.Build.0 = Debug|Any CPU
		{56037DDE-C874-494A-8DE8-120BD1E3445B}.Release|Any CPU.ActiveCfg = Release|Any CPU
		{56037DDE-C874-494A-8DE8-120BD1E3445B}.Release|Any CPU.Build.0 = Release|Any CPU
	EndGlobalSection
	GlobalSection(SolutionProperties) = preSolution
		HideSolutionNode = FALSE
	EndGlobalSection
	GlobalSection(ExtensibilityGlobals) = postSolution
		SolutionGuid = {54E1D7A1-1B2E-40B9-B1CF-66F5D521765A}
	EndGlobalSection
EndGlobal
