
Microsoft Visual Studio Solution File, Format Version 12.00
# Visual Studio Version 16
VisualStudioVersion = 16.0.31729.503
MinimumVisualStudioVersion = 10.0.40219.1
Project("{FAE04EC0-301F-11D3-BF4B-00C04F79EFBC}") = "07-Construtor", "07-Construtor.csproj", "{CA6AFF76-3F45-4442-8210-854F09337859}"
EndProject
Global
	GlobalSection(SolutionConfigurationPlatforms) = preSolution
		Debug|Any CPU = Debug|Any CPU
		Release|Any CPU = Release|Any CPU
	EndGlobalSection
	GlobalSection(ProjectConfigurationPlatforms) = postSolution
		{CA6AFF76-3F45-4442-8210-854F09337859}.Debug|Any CPU.ActiveCfg = Debug|Any CPU
		{CA6AFF76-3F45-4442-8210-854F09337859}.Debug|Any CPU.Build.0 = Debug|Any CPU
		{CA6AFF76-3F45-4442-8210-854F09337859}.Release|Any CPU.ActiveCfg = Release|Any CPU
		{CA6AFF76-3F45-4442-8210-854F09337859}.Release|Any CPU.Build.0 = Release|Any CPU
	EndGlobalSection
	GlobalSection(SolutionProperties) = preSolution
		HideSolutionNode = FALSE
	EndGlobalSection
	GlobalSection(ExtensibilityGlobals) = postSolution
		SolutionGuid = {262C230F-FC81-484C-927C-720AE25268FD}
	EndGlobalSection
EndGlobal
