
Microsoft Visual Studio Solution File, Format Version 12.00
# Visual Studio Version 16
VisualStudioVersion = 16.0.31729.503
MinimumVisualStudioVersion = 10.0.40219.1
Project("{FAE04EC0-301F-11D3-BF4B-00C04F79EFBC}") = "01-Conceitos", "01-Conceitos.csproj", "{889B62E1-5D97-4D0A-A034-7CDBA85CDF89}"
EndProject
Global
	GlobalSection(SolutionConfigurationPlatforms) = preSolution
		Debug|Any CPU = Debug|Any CPU
		Release|Any CPU = Release|Any CPU
	EndGlobalSection
	GlobalSection(ProjectConfigurationPlatforms) = postSolution
		{889B62E1-5D97-4D0A-A034-7CDBA85CDF89}.Debug|Any CPU.ActiveCfg = Debug|Any CPU
		{889B62E1-5D97-4D0A-A034-7CDBA85CDF89}.Debug|Any CPU.Build.0 = Debug|Any CPU
		{889B62E1-5D97-4D0A-A034-7CDBA85CDF89}.Release|Any CPU.ActiveCfg = Release|Any CPU
		{889B62E1-5D97-4D0A-A034-7CDBA85CDF89}.Release|Any CPU.Build.0 = Release|Any CPU
	EndGlobalSection
	GlobalSection(SolutionProperties) = preSolution
		HideSolutionNode = FALSE
	EndGlobalSection
	GlobalSection(ExtensibilityGlobals) = postSolution
		SolutionGuid = {7145A5EB-C62D-4666-AA30-C614403CBE70}
	EndGlobalSection
EndGlobal
